
Microsoft Visual Studio Solution File, Format Version 12.00
# Visual Studio Version 16
VisualStudioVersion = 16.0.28803.352
MinimumVisualStudioVersion = 10.0.40219.1
Project("{FAE04EC0-301F-11D3-BF4B-00C04F79EFBC}") = "PipelineBulkEditor", "pipeline-bulk-editor\PipelineBulkEditor.csproj", "{E2649778-4A1A-47B0-95E8-86064530A4B5}"
EndProject
Project("{FAE04EC0-301F-11D3-BF4B-00C04F79EFBC}") = "common", "common\common.csproj", "{B54C2347-DD76-4833-BF09-7F7C315D6E6E}"
EndProject
Global
	GlobalSection(SolutionConfigurationPlatforms) = preSolution
		Debug|Any CPU = Debug|Any CPU
		Release|Any CPU = Release|Any CPU
	EndGlobalSection
	GlobalSection(ProjectConfigurationPlatforms) = postSolution
		{E2649778-4A1A-47B0-95E8-86064530A4B5}.Debug|Any CPU.ActiveCfg = Debug|Any CPU
		{E2649778-4A1A-47B0-95E8-86064530A4B5}.Debug|Any CPU.Build.0 = Debug|Any CPU
		{E2649778-4A1A-47B0-95E8-86064530A4B5}.Release|Any CPU.ActiveCfg = Release|Any CPU
		{E2649778-4A1A-47B0-95E8-86064530A4B5}.Release|Any CPU.Build.0 = Release|Any CPU
		{B54C2347-DD76-4833-BF09-7F7C315D6E6E}.Debug|Any CPU.ActiveCfg = Debug|Any CPU
		{B54C2347-DD76-4833-BF09-7F7C315D6E6E}.Debug|Any CPU.Build.0 = Debug|Any CPU
		{B54C2347-DD76-4833-BF09-7F7C315D6E6E}.Release|Any CPU.ActiveCfg = Release|Any CPU
		{B54C2347-DD76-4833-BF09-7F7C315D6E6E}.Release|Any CPU.Build.0 = Release|Any CPU
	EndGlobalSection
	GlobalSection(SolutionProperties) = preSolution
		HideSolutionNode = FALSE
	EndGlobalSection
	GlobalSection(ExtensibilityGlobals) = postSolution
		SolutionGuid = {6C88A8F3-ECAA-45FD-8C6F-5119160C1284}
	EndGlobalSection
EndGlobal
